
Microsoft Visual Studio Solution File, Format Version 12.00
# Visual Studio 15
VisualStudioVersion = 15.0.26430.16
MinimumVisualStudioVersion = 10.0.40219.1
Project("{2150E333-8FDC-42A3-9474-1A3956D46DE8}") = "3.0 - NAControl.Domain", "3.0 - NAControl.Domain", "{4DBC19A1-751A-4F1F-A875-586FF676E0A7}"
EndProject
Project("{FAE04EC0-301F-11D3-BF4B-00C04F79EFBC}") = "NAControl.Domain", "NaControl.Domain\NAControl.Domain.csproj", "{A81476D2-332D-4D9A-A50E-651A033C3EE6}"
EndProject
Project("{2150E333-8FDC-42A3-9474-1A3956D46DE8}") = "4.0 - NAControl.Infraestructure", "4.0 - NAControl.Infraestructure", "{CE9B33C6-AC6E-49B6-A7CD-E5493C732EEB}"
EndProject
Project("{FAE04EC0-301F-11D3-BF4B-00C04F79EFBC}") = "NAControl.Infraestructure", "NaControl.Infraestructure\NAControl.Infraestructure.csproj", "{8936B537-6D1F-4693-AB93-D4BCEB9A8CD8}"
EndProject
Project("{2150E333-8FDC-42A3-9474-1A3956D46DE8}") = "2.0 - NAControl.Common", "2.0 - NAControl.Common", "{4139E5A6-9246-46A7-A0BA-53AE9EFA7FA4}"
EndProject
Project("{FAE04EC0-301F-11D3-BF4B-00C04F79EFBC}") = "NAControl.Common", "NAControl.Common\NAControl.Common.csproj", "{33C11CA0-7B5A-44F9-8A7C-2711EC1A9705}"
EndProject
Project("{2150E333-8FDC-42A3-9474-1A3956D46DE8}") = "1.0 - NAControl.Presentation", "1.0 - NAControl.Presentation", "{D3B75CF3-5593-4AB3-9568-354F3DBD8AAC}"
EndProject
Project("{2150E333-8FDC-42A3-9474-1A3956D46DE8}") = "5.0 - NAControl.Business", "5.0 - NAControl.Business", "{CA0D3500-C22A-4DC7-B708-6AE98E404CE8}"
EndProject
Project("{FAE04EC0-301F-11D3-BF4B-00C04F79EFBC}") = "NAControl.Business", "NAControl.Business\NAControl.Business.csproj", "{B5A7E755-0DD3-4B32-A261-17984286C009}"
EndProject
Project("{2150E333-8FDC-42A3-9474-1A3956D46DE8}") = "6.0 - NAControl.Injection", "6.0 - NAControl.Injection", "{AA282DFC-8ABB-43CA-A087-A6C77F8083F1}"
EndProject
Project("{FAE04EC0-301F-11D3-BF4B-00C04F79EFBC}") = "NAControl.Injection", "NAControl.Injection\NAControl.Injection.csproj", "{E26D68A8-EC09-404C-B675-6580F4777677}"
EndProject
Project("{FAE04EC0-301F-11D3-BF4B-00C04F79EFBC}") = "NAControl.Web_Api", "NAControl.Web_Api\NAControl.Web_Api.csproj", "{AB872E68-C23F-4C5C-B8EF-EDA27D8BAC28}"
EndProject
Global
	GlobalSection(SolutionConfigurationPlatforms) = preSolution
		Debug|Any CPU = Debug|Any CPU
		Release|Any CPU = Release|Any CPU
	EndGlobalSection
	GlobalSection(ProjectConfigurationPlatforms) = postSolution
		{A81476D2-332D-4D9A-A50E-651A033C3EE6}.Debug|Any CPU.ActiveCfg = Debug|Any CPU
		{A81476D2-332D-4D9A-A50E-651A033C3EE6}.Debug|Any CPU.Build.0 = Debug|Any CPU
		{A81476D2-332D-4D9A-A50E-651A033C3EE6}.Release|Any CPU.ActiveCfg = Release|Any CPU
		{A81476D2-332D-4D9A-A50E-651A033C3EE6}.Release|Any CPU.Build.0 = Release|Any CPU
		{8936B537-6D1F-4693-AB93-D4BCEB9A8CD8}.Debug|Any CPU.ActiveCfg = Debug|Any CPU
		{8936B537-6D1F-4693-AB93-D4BCEB9A8CD8}.Debug|Any CPU.Build.0 = Debug|Any CPU
		{8936B537-6D1F-4693-AB93-D4BCEB9A8CD8}.Release|Any CPU.ActiveCfg = Release|Any CPU
		{8936B537-6D1F-4693-AB93-D4BCEB9A8CD8}.Release|Any CPU.Build.0 = Release|Any CPU
		{33C11CA0-7B5A-44F9-8A7C-2711EC1A9705}.Debug|Any CPU.ActiveCfg = Debug|Any CPU
		{33C11CA0-7B5A-44F9-8A7C-2711EC1A9705}.Debug|Any CPU.Build.0 = Debug|Any CPU
		{33C11CA0-7B5A-44F9-8A7C-2711EC1A9705}.Release|Any CPU.ActiveCfg = Release|Any CPU
		{33C11CA0-7B5A-44F9-8A7C-2711EC1A9705}.Release|Any CPU.Build.0 = Release|Any CPU
		{B5A7E755-0DD3-4B32-A261-17984286C009}.Debug|Any CPU.ActiveCfg = Debug|Any CPU
		{B5A7E755-0DD3-4B32-A261-17984286C009}.Debug|Any CPU.Build.0 = Debug|Any CPU
		{B5A7E755-0DD3-4B32-A261-17984286C009}.Release|Any CPU.ActiveCfg = Release|Any CPU
		{B5A7E755-0DD3-4B32-A261-17984286C009}.Release|Any CPU.Build.0 = Release|Any CPU
		{E26D68A8-EC09-404C-B675-6580F4777677}.Debug|Any CPU.ActiveCfg = Debug|Any CPU
		{E26D68A8-EC09-404C-B675-6580F4777677}.Debug|Any CPU.Build.0 = Debug|Any CPU
		{E26D68A8-EC09-404C-B675-6580F4777677}.Release|Any CPU.ActiveCfg = Release|Any CPU
		{E26D68A8-EC09-404C-B675-6580F4777677}.Release|Any CPU.Build.0 = Release|Any CPU
		{AB872E68-C23F-4C5C-B8EF-EDA27D8BAC28}.Debug|Any CPU.ActiveCfg = Debug|Any CPU
		{AB872E68-C23F-4C5C-B8EF-EDA27D8BAC28}.Debug|Any CPU.Build.0 = Debug|Any CPU
		{AB872E68-C23F-4C5C-B8EF-EDA27D8BAC28}.Release|Any CPU.ActiveCfg = Release|Any CPU
		{AB872E68-C23F-4C5C-B8EF-EDA27D8BAC28}.Release|Any CPU.Build.0 = Release|Any CPU
	EndGlobalSection
	GlobalSection(SolutionProperties) = preSolution
		HideSolutionNode = FALSE
	EndGlobalSection
	GlobalSection(NestedProjects) = preSolution
		{A81476D2-332D-4D9A-A50E-651A033C3EE6} = {4DBC19A1-751A-4F1F-A875-586FF676E0A7}
		{8936B537-6D1F-4693-AB93-D4BCEB9A8CD8} = {CE9B33C6-AC6E-49B6-A7CD-E5493C732EEB}
		{33C11CA0-7B5A-44F9-8A7C-2711EC1A9705} = {4139E5A6-9246-46A7-A0BA-53AE9EFA7FA4}
		{B5A7E755-0DD3-4B32-A261-17984286C009} = {CA0D3500-C22A-4DC7-B708-6AE98E404CE8}
		{E26D68A8-EC09-404C-B675-6580F4777677} = {AA282DFC-8ABB-43CA-A087-A6C77F8083F1}
		{AB872E68-C23F-4C5C-B8EF-EDA27D8BAC28} = {D3B75CF3-5593-4AB3-9568-354F3DBD8AAC}
	EndGlobalSection
EndGlobal
